
Microsoft Visual Studio Solution File, Format Version 12.00
# Visual Studio 14
VisualStudioVersion = 14.0.24720.0
MinimumVisualStudioVersion = 10.0.40219.1
Project("{FAE04EC0-301F-11D3-BF4B-00C04F79EFBC}") = "WeatherService", "WeatherService\WeatherService.csproj", "{C2D2EFE7-94F1-4DB0-9CC4-1E97D02E9E3C}"
EndProject
Project("{FAE04EC0-301F-11D3-BF4B-00C04F79EFBC}") = "WeatherClient", "WeatherClient\WeatherClient.csproj", "{19082E52-1F7E-4B73-8CEA-6F10B8F0C0AF}"
	ProjectSection(ProjectDependencies) = postProject
		{C2D2EFE7-94F1-4DB0-9CC4-1E97D02E9E3C} = {C2D2EFE7-94F1-4DB0-9CC4-1E97D02E9E3C}
	EndProjectSection
EndProject
Project("{FAE04EC0-301F-11D3-BF4B-00C04F79EFBC}") = "Add2NumbersService", "Add2NumbersService\Add2NumbersService.csproj", "{577D4848-E3D2-4444-A3FE-5AED6CD21986}"
EndProject
Project("{FAE04EC0-301F-11D3-BF4B-00C04F79EFBC}") = "Add2NumbersClient", "Add2NumbersClient\Add2NumbersClient.csproj", "{899780DC-027D-4668-91EF-1BD446D87A27}"
	ProjectSection(ProjectDependencies) = postProject
		{577D4848-E3D2-4444-A3FE-5AED6CD21986} = {577D4848-E3D2-4444-A3FE-5AED6CD21986}
	EndProjectSection
EndProject
Project("{FAE04EC0-301F-11D3-BF4B-00C04F79EFBC}") = "Add3NumbersService", "Add3NumbersService\Add3NumbersService.csproj", "{0E7CFC92-0767-424E-8BD5-194A579813E9}"
EndProject
Project("{FAE04EC0-301F-11D3-BF4B-00C04F79EFBC}") = "Add3NumbersClient", "Add3NumbersClient\Add3NumbersClient.csproj", "{E670484C-EC8A-4F11-AAE4-814CB6D4121C}"
	ProjectSection(ProjectDependencies) = postProject
		{0E7CFC92-0767-424E-8BD5-194A579813E9} = {0E7CFC92-0767-424E-8BD5-194A579813E9}
	EndProjectSection
EndProject
Project("{FAE04EC0-301F-11D3-BF4B-00C04F79EFBC}") = "Subtract2NumbersClient", "Subtract2NumbersClient\Subtract2NumbersClient.csproj", "{E5A7F5B8-EDDE-488C-970E-DA7F52287CCB}"
	ProjectSection(ProjectDependencies) = postProject
		{48609C02-4593-43CD-9115-DD7DF758B42B} = {48609C02-4593-43CD-9115-DD7DF758B42B}
	EndProjectSection
EndProject
Project("{FAE04EC0-301F-11D3-BF4B-00C04F79EFBC}") = "Subtract2NumbersService", "Subtract2NumbersService\Subtract2NumbersService.csproj", "{48609C02-4593-43CD-9115-DD7DF758B42B}"
EndProject
Project("{FAE04EC0-301F-11D3-BF4B-00C04F79EFBC}") = "NameDayService", "NameDayService\NameDayService.csproj", "{54F54424-B00D-4B12-95E7-3CDDB4BF3A46}"
EndProject
Project("{FAE04EC0-301F-11D3-BF4B-00C04F79EFBC}") = "NameDayClient", "NameDayClient\NameDayClient.csproj", "{9165C704-69C9-4571-9393-69AECB47BF12}"
	ProjectSection(ProjectDependencies) = postProject
		{54F54424-B00D-4B12-95E7-3CDDB4BF3A46} = {54F54424-B00D-4B12-95E7-3CDDB4BF3A46}
	EndProjectSection
EndProject
Global
	GlobalSection(SolutionConfigurationPlatforms) = preSolution
		Debug|Any CPU = Debug|Any CPU
		Release|Any CPU = Release|Any CPU
	EndGlobalSection
	GlobalSection(ProjectConfigurationPlatforms) = postSolution
		{C2D2EFE7-94F1-4DB0-9CC4-1E97D02E9E3C}.Debug|Any CPU.ActiveCfg = Debug|Any CPU
		{C2D2EFE7-94F1-4DB0-9CC4-1E97D02E9E3C}.Debug|Any CPU.Build.0 = Debug|Any CPU
		{C2D2EFE7-94F1-4DB0-9CC4-1E97D02E9E3C}.Release|Any CPU.ActiveCfg = Release|Any CPU
		{C2D2EFE7-94F1-4DB0-9CC4-1E97D02E9E3C}.Release|Any CPU.Build.0 = Release|Any CPU
		{19082E52-1F7E-4B73-8CEA-6F10B8F0C0AF}.Debug|Any CPU.ActiveCfg = Debug|Any CPU
		{19082E52-1F7E-4B73-8CEA-6F10B8F0C0AF}.Debug|Any CPU.Build.0 = Debug|Any CPU
		{19082E52-1F7E-4B73-8CEA-6F10B8F0C0AF}.Release|Any CPU.ActiveCfg = Release|Any CPU
		{19082E52-1F7E-4B73-8CEA-6F10B8F0C0AF}.Release|Any CPU.Build.0 = Release|Any CPU
		{577D4848-E3D2-4444-A3FE-5AED6CD21986}.Debug|Any CPU.ActiveCfg = Debug|Any CPU
		{577D4848-E3D2-4444-A3FE-5AED6CD21986}.Debug|Any CPU.Build.0 = Debug|Any CPU
		{577D4848-E3D2-4444-A3FE-5AED6CD21986}.Release|Any CPU.ActiveCfg = Release|Any CPU
		{577D4848-E3D2-4444-A3FE-5AED6CD21986}.Release|Any CPU.Build.0 = Release|Any CPU
		{899780DC-027D-4668-91EF-1BD446D87A27}.Debug|Any CPU.ActiveCfg = Debug|Any CPU
		{899780DC-027D-4668-91EF-1BD446D87A27}.Debug|Any CPU.Build.0 = Debug|Any CPU
		{899780DC-027D-4668-91EF-1BD446D87A27}.Release|Any CPU.ActiveCfg = Release|Any CPU
		{899780DC-027D-4668-91EF-1BD446D87A27}.Release|Any CPU.Build.0 = Release|Any CPU
		{0E7CFC92-0767-424E-8BD5-194A579813E9}.Debug|Any CPU.ActiveCfg = Debug|Any CPU
		{0E7CFC92-0767-424E-8BD5-194A579813E9}.Debug|Any CPU.Build.0 = Debug|Any CPU
		{0E7CFC92-0767-424E-8BD5-194A579813E9}.Release|Any CPU.ActiveCfg = Release|Any CPU
		{0E7CFC92-0767-424E-8BD5-194A579813E9}.Release|Any CPU.Build.0 = Release|Any CPU
		{E670484C-EC8A-4F11-AAE4-814CB6D4121C}.Debug|Any CPU.ActiveCfg = Debug|Any CPU
		{E670484C-EC8A-4F11-AAE4-814CB6D4121C}.Debug|Any CPU.Build.0 = Debug|Any CPU
		{E670484C-EC8A-4F11-AAE4-814CB6D4121C}.Release|Any CPU.ActiveCfg = Release|Any CPU
		{E670484C-EC8A-4F11-AAE4-814CB6D4121C}.Release|Any CPU.Build.0 = Release|Any CPU
		{E5A7F5B8-EDDE-488C-970E-DA7F52287CCB}.Debug|Any CPU.ActiveCfg = Debug|Any CPU
		{E5A7F5B8-EDDE-488C-970E-DA7F52287CCB}.Debug|Any CPU.Build.0 = Debug|Any CPU
		{E5A7F5B8-EDDE-488C-970E-DA7F52287CCB}.Release|Any CPU.ActiveCfg = Release|Any CPU
		{E5A7F5B8-EDDE-488C-970E-DA7F52287CCB}.Release|Any CPU.Build.0 = Release|Any CPU
		{48609C02-4593-43CD-9115-DD7DF758B42B}.Debug|Any CPU.ActiveCfg = Debug|Any CPU
		{48609C02-4593-43CD-9115-DD7DF758B42B}.Debug|Any CPU.Build.0 = Debug|Any CPU
		{48609C02-4593-43CD-9115-DD7DF758B42B}.Release|Any CPU.ActiveCfg = Release|Any CPU
		{48609C02-4593-43CD-9115-DD7DF758B42B}.Release|Any CPU.Build.0 = Release|Any CPU
		{54F54424-B00D-4B12-95E7-3CDDB4BF3A46}.Debug|Any CPU.ActiveCfg = Debug|Any CPU
		{54F54424-B00D-4B12-95E7-3CDDB4BF3A46}.Debug|Any CPU.Build.0 = Debug|Any CPU
		{54F54424-B00D-4B12-95E7-3CDDB4BF3A46}.Release|Any CPU.ActiveCfg = Release|Any CPU
		{54F54424-B00D-4B12-95E7-3CDDB4BF3A46}.Release|Any CPU.Build.0 = Release|Any CPU
		{9165C704-69C9-4571-9393-69AECB47BF12}.Debug|Any CPU.ActiveCfg = Debug|Any CPU
		{9165C704-69C9-4571-9393-69AECB47BF12}.Debug|Any CPU.Build.0 = Debug|Any CPU
		{9165C704-69C9-4571-9393-69AECB47BF12}.Release|Any CPU.ActiveCfg = Release|Any CPU
		{9165C704-69C9-4571-9393-69AECB47BF12}.Release|Any CPU.Build.0 = Release|Any CPU
	EndGlobalSection
	GlobalSection(SolutionProperties) = preSolution
		HideSolutionNode = FALSE
	EndGlobalSection
EndGlobal
